
Microsoft Visual Studio Solution File, Format Version 12.00
# Visual Studio Version 17
VisualStudioVersion = 17.1.32328.378
MinimumVisualStudioVersion = 10.0.40219.1
Project("{FAE04EC0-301F-11D3-BF4B-00C04F79EFBC}") = "ThiBank", "ThiBank\ThiBank.csproj", "{D6D8A523-453F-4BDE-A2CE-799543FD9149}"
EndProject
Global
	GlobalSection(SolutionConfigurationPlatforms) = preSolution
		Debug|Any CPU = Debug|Any CPU
		Release|Any CPU = Release|Any CPU
	EndGlobalSection
	GlobalSection(ProjectConfigurationPlatforms) = postSolution
		{D6D8A523-453F-4BDE-A2CE-799543FD9149}.Debug|Any CPU.ActiveCfg = Debug|Any CPU
		{D6D8A523-453F-4BDE-A2CE-799543FD9149}.Debug|Any CPU.Build.0 = Debug|Any CPU
		{D6D8A523-453F-4BDE-A2CE-799543FD9149}.Release|Any CPU.ActiveCfg = Release|Any CPU
		{D6D8A523-453F-4BDE-A2CE-799543FD9149}.Release|Any CPU.Build.0 = Release|Any CPU
	EndGlobalSection
	GlobalSection(SolutionProperties) = preSolution
		HideSolutionNode = FALSE
	EndGlobalSection
	GlobalSection(ExtensibilityGlobals) = postSolution
		SolutionGuid = {1675B11F-5F48-429A-9633-961766D2058E}
	EndGlobalSection
EndGlobal
